// !$*UTF8*$!
{
	archiveVersion = 1;
	classes = {
	};
	objectVersion = 48;
	objects = {

/* Begin PBXBuildFile section */
		6F42F73D1FBDBF1900C68551 /* AppDelegate.swift in Sources */ = {isa = PBXBuildFile; fileRef = 6F42F73C1FBDBF1900C68551 /* AppDelegate.swift */; };
		6F42F7401FBDBF1900C68551 /* Assets.xcassets in Resources */ = {isa = PBXBuildFile; fileRef = 6F42F73F1FBDBF1900C68551 /* Assets.xcassets */; };
		6F42F74B1FBDBF1900C68551 /* ScreenSaversTests.swift in Sources */ = {isa = PBXBuildFile; fileRef = 6F42F74A1FBDBF1900C68551 /* ScreenSaversTests.swift */; };
		6F42F7561FBDBF1900C68551 /* ScreenSaversUITests.swift in Sources */ = {isa = PBXBuildFile; fileRef = 6F42F7551FBDBF1900C68551 /* ScreenSaversUITests.swift */; };
		6F42F7661FBDD6FE00C68551 /* menubar.xml in Resources */ = {isa = PBXBuildFile; fileRef = 6F42F7651FBDD6FE00C68551 /* menubar.xml */; };
		6F42F76B1FBDF33800C68551 /* apple-tv-screensavers.json in Resources */ = {isa = PBXBuildFile; fileRef = 6F42F76A1FBDF33800C68551 /* apple-tv-screensavers.json */; };
/* End PBXBuildFile section */

/* Begin PBXContainerItemProxy section */
		6F42F7471FBDBF1900C68551 /* PBXContainerItemProxy */ = {
			isa = PBXContainerItemProxy;
			containerPortal = 6F42F7311FBDBF1900C68551 /* Project object */;
			proxyType = 1;
			remoteGlobalIDString = 6F42F7381FBDBF1900C68551;
			remoteInfo = ScreenSavers;
		};
		6F42F7521FBDBF1900C68551 /* PBXContainerItemProxy */ = {
			isa = PBXContainerItemProxy;
			containerPortal = 6F42F7311FBDBF1900C68551 /* Project object */;
			proxyType = 1;
			remoteGlobalIDString = 6F42F7381FBDBF1900C68551;
			remoteInfo = ScreenSavers;
		};
/* End PBXContainerItemProxy section */

/* Begin PBXFileReference section */
		6F42F7391FBDBF1900C68551 /* ScreenSavers.app */ = {isa = PBXFileReference; explicitFileType = wrapper.application; includeInIndex = 0; path = ScreenSavers.app; sourceTree = BUILT_PRODUCTS_DIR; };
		6F42F73C1FBDBF1900C68551 /* AppDelegate.swift */ = {isa = PBXFileReference; lastKnownFileType = sourcecode.swift; path = AppDelegate.swift; sourceTree = "<group>"; };
		6F42F73E1FBDBF1900C68551 /* application.js */ = {isa = PBXFileReference; lastKnownFileType = sourcecode.javascript; path = application.js; sourceTree = "<group>"; };
		6F42F73F1FBDBF1900C68551 /* Assets.xcassets */ = {isa = PBXFileReference; lastKnownFileType = folder.assetcatalog; path = Assets.xcassets; sourceTree = "<group>"; };
		6F42F7411FBDBF1900C68551 /* Info.plist */ = {isa = PBXFileReference; lastKnownFileType = text.plist.xml; path = Info.plist; sourceTree = "<group>"; };
		6F42F7461FBDBF1900C68551 /* ScreenSaversTests.xctest */ = {isa = PBXFileReference; explicitFileType = wrapper.cfbundle; includeInIndex = 0; path = ScreenSaversTests.xctest; sourceTree = BUILT_PRODUCTS_DIR; };
		6F42F74A1FBDBF1900C68551 /* ScreenSaversTests.swift */ = {isa = PBXFileReference; lastKnownFileType = sourcecode.swift; path = ScreenSaversTests.swift; sourceTree = "<group>"; };
		6F42F74C1FBDBF1900C68551 /* Info.plist */ = {isa = PBXFileReference; lastKnownFileType = text.plist.xml; path = Info.plist; sourceTree = "<group>"; };
		6F42F7511FBDBF1900C68551 /* ScreenSaversUITests.xctest */ = {isa = PBXFileReference; explicitFileType = wrapper.cfbundle; includeInIndex = 0; path = ScreenSaversUITests.xctest; sourceTree = BUILT_PRODUCTS_DIR; };
		6F42F7551FBDBF1900C68551 /* ScreenSaversUITests.swift */ = {isa = PBXFileReference; lastKnownFileType = sourcecode.swift; path = ScreenSaversUITests.swift; sourceTree = "<group>"; };
		6F42F7571FBDBF1900C68551 /* Info.plist */ = {isa = PBXFileReference; lastKnownFileType = text.plist.xml; path = Info.plist; sourceTree = "<group>"; };
		6F42F7651FBDD6FE00C68551 /* menubar.xml */ = {isa = PBXFileReference; lastKnownFileType = text.xml; path = menubar.xml; sourceTree = "<group>"; };
		6F42F76A1FBDF33800C68551 /* apple-tv-screensavers.json */ = {isa = PBXFileReference; fileEncoding = 4; lastKnownFileType = text.json; path = "apple-tv-screensavers.json"; sourceTree = "<group>"; };
/* End PBXFileReference section */

/* Begin PBXFrameworksBuildPhase section */
		6F42F7361FBDBF1900C68551 /* Frameworks */ = {
			isa = PBXFrameworksBuildPhase;
			buildActionMask = 2147483647;
			files = (
			);
			runOnlyForDeploymentPostprocessing = 0;
		};
		6F42F7431FBDBF1900C68551 /* Frameworks */ = {
			isa = PBXFrameworksBuildPhase;
			buildActionMask = 2147483647;
			files = (
			);
			runOnlyForDeploymentPostprocessing = 0;
		};
		6F42F74E1FBDBF1900C68551 /* Frameworks */ = {
			isa = PBXFrameworksBuildPhase;
			buildActionMask = 2147483647;
			files = (
			);
			runOnlyForDeploymentPostprocessing = 0;
		};
/* End PBXFrameworksBuildPhase section */

/* Begin PBXGroup section */
		6F42F7301FBDBF1900C68551 = {
			isa = PBXGroup;
			children = (
				6F42F73B1FBDBF1900C68551 /* ScreenSavers */,
				6F42F7491FBDBF1900C68551 /* ScreenSaversTests */,
				6F42F7541FBDBF1900C68551 /* ScreenSaversUITests */,
				6F42F73A1FBDBF1900C68551 /* Products */,
			);
			sourceTree = "<group>";
		};
		6F42F73A1FBDBF1900C68551 /* Products */ = {
			isa = PBXGroup;
			children = (
				6F42F7391FBDBF1900C68551 /* ScreenSavers.app */,
				6F42F7461FBDBF1900C68551 /* ScreenSaversTests.xctest */,
				6F42F7511FBDBF1900C68551 /* ScreenSaversUITests.xctest */,
			);
			name = Products;
			sourceTree = "<group>";
		};
		6F42F73B1FBDBF1900C68551 /* ScreenSavers */ = {
			isa = PBXGroup;
			children = (
				6F42F7671FBDDB1800C68551 /* server */,
				6F42F73C1FBDBF1900C68551 /* AppDelegate.swift */,
				6F42F73F1FBDBF1900C68551 /* Assets.xcassets */,
				6F42F7411FBDBF1900C68551 /* Info.plist */,
			);
			path = ScreenSavers;
			sourceTree = "<group>";
		};
		6F42F7491FBDBF1900C68551 /* ScreenSaversTests */ = {
			isa = PBXGroup;
			children = (
				6F42F74A1FBDBF1900C68551 /* ScreenSaversTests.swift */,
				6F42F74C1FBDBF1900C68551 /* Info.plist */,
			);
			path = ScreenSaversTests;
			sourceTree = "<group>";
		};
		6F42F7541FBDBF1900C68551 /* ScreenSaversUITests */ = {
			isa = PBXGroup;
			children = (
				6F42F7551FBDBF1900C68551 /* ScreenSaversUITests.swift */,
				6F42F7571FBDBF1900C68551 /* Info.plist */,
			);
			path = ScreenSaversUITests;
			sourceTree = "<group>";
		};
		6F42F7641FBDD6A800C68551 /* templates */ = {
			isa = PBXGroup;
			children = (
				6F42F7651FBDD6FE00C68551 /* menubar.xml */,
			);
			path = templates;
			sourceTree = "<group>";
		};
		6F42F7671FBDDB1800C68551 /* server */ = {
			isa = PBXGroup;
			children = (
				6F42F7691FBDF30400C68551 /* data */,
				6F42F7681FBDDB3D00C68551 /* js */,
				6F42F7641FBDD6A800C68551 /* templates */,
			);
			path = server;
			sourceTree = "<group>";
		};
		6F42F7681FBDDB3D00C68551 /* js */ = {
			isa = PBXGroup;
			children = (
				6F42F73E1FBDBF1900C68551 /* application.js */,
			);
			path = js;
			sourceTree = "<group>";
		};
		6F42F7691FBDF30400C68551 /* data */ = {
			isa = PBXGroup;
			children = (
				6F42F76A1FBDF33800C68551 /* apple-tv-screensavers.json */,
			);
			path = data;
			sourceTree = "<group>";
		};
/* End PBXGroup section */

/* Begin PBXNativeTarget section */
		6F42F7381FBDBF1900C68551 /* ScreenSavers */ = {
			isa = PBXNativeTarget;
			buildConfigurationList = 6F42F75A1FBDBF1900C68551 /* Build configuration list for PBXNativeTarget "ScreenSavers" */;
			buildPhases = (
				6F42F7351FBDBF1900C68551 /* Sources */,
				6F42F7361FBDBF1900C68551 /* Frameworks */,
				6F42F7371FBDBF1900C68551 /* Resources */,
			);
			buildRules = (
			);
			dependencies = (
			);
			name = ScreenSavers;
			productName = ScreenSavers;
			productReference = 6F42F7391FBDBF1900C68551 /* ScreenSavers.app */;
			productType = "com.apple.product-type.application";
		};
		6F42F7451FBDBF1900C68551 /* ScreenSaversTests */ = {
			isa = PBXNativeTarget;
			buildConfigurationList = 6F42F75D1FBDBF1900C68551 /* Build configuration list for PBXNativeTarget "ScreenSaversTests" */;
			buildPhases = (
				6F42F7421FBDBF1900C68551 /* Sources */,
				6F42F7431FBDBF1900C68551 /* Frameworks */,
				6F42F7441FBDBF1900C68551 /* Resources */,
			);
			buildRules = (
			);
			dependencies = (
				6F42F7481FBDBF1900C68551 /* PBXTargetDependency */,
			);
			name = ScreenSaversTests;
			productName = ScreenSaversTests;
			productReference = 6F42F7461FBDBF1900C68551 /* ScreenSaversTests.xctest */;
			productType = "com.apple.product-type.bundle.unit-test";
		};
		6F42F7501FBDBF1900C68551 /* ScreenSaversUITests */ = {
			isa = PBXNativeTarget;
			buildConfigurationList = 6F42F7601FBDBF1900C68551 /* Build configuration list for PBXNativeTarget "ScreenSaversUITests" */;
			buildPhases = (
				6F42F74D1FBDBF1900C68551 /* Sources */,
				6F42F74E1FBDBF1900C68551 /* Frameworks */,
				6F42F74F1FBDBF1900C68551 /* Resources */,
			);
			buildRules = (
			);
			dependencies = (
				6F42F7531FBDBF1900C68551 /* PBXTargetDependency */,
			);
			name = ScreenSaversUITests;
			productName = ScreenSaversUITests;
			productReference = 6F42F7511FBDBF1900C68551 /* ScreenSaversUITests.xctest */;
			productType = "com.apple.product-type.bundle.ui-testing";
		};
/* End PBXNativeTarget section */

/* Begin PBXProject section */
		6F42F7311FBDBF1900C68551 /* Project object */ = {
			isa = PBXProject;
			attributes = {
				LastSwiftUpdateCheck = 0910;
				LastUpgradeCheck = 0910;
				ORGANIZATIONNAME = harris.ch;
				TargetAttributes = {
					6F42F7381FBDBF1900C68551 = {
						CreatedOnToolsVersion = 9.1;
						ProvisioningStyle = Automatic;
					};
					6F42F7451FBDBF1900C68551 = {
						CreatedOnToolsVersion = 9.1;
						ProvisioningStyle = Automatic;
						TestTargetID = 6F42F7381FBDBF1900C68551;
					};
					6F42F7501FBDBF1900C68551 = {
						CreatedOnToolsVersion = 9.1;
						ProvisioningStyle = Automatic;
						TestTargetID = 6F42F7381FBDBF1900C68551;
					};
				};
			};
			buildConfigurationList = 6F42F7341FBDBF1900C68551 /* Build configuration list for PBXProject "ScreenSavers" */;
			compatibilityVersion = "Xcode 8.0";
			developmentRegion = en;
			hasScannedForEncodings = 0;
			knownRegions = (
				en,
			);
			mainGroup = 6F42F7301FBDBF1900C68551;
			productRefGroup = 6F42F73A1FBDBF1900C68551 /* Products */;
			projectDirPath = "";
			projectRoot = "";
			targets = (
				6F42F7381FBDBF1900C68551 /* ScreenSavers */,
				6F42F7451FBDBF1900C68551 /* ScreenSaversTests */,
				6F42F7501FBDBF1900C68551 /* ScreenSaversUITests */,
			);
		};
/* End PBXProject section */

/* Begin PBXResourcesBuildPhase section */
		6F42F7371FBDBF1900C68551 /* Resources */ = {
			isa = PBXResourcesBuildPhase;
			buildActionMask = 2147483647;
			files = (
				6F42F7661FBDD6FE00C68551 /* menubar.xml in Resources */,
				6F42F76B1FBDF33800C68551 /* apple-tv-screensavers.json in Resources */,
				6F42F7401FBDBF1900C68551 /* Assets.xcassets in Resources */,
			);
			runOnlyForDeploymentPostprocessing = 0;
		};
		6F42F7441FBDBF1900C68551 /* Resources */ = {
			isa = PBXResourcesBuildPhase;
			buildActionMask = 2147483647;
			files = (
			);
			runOnlyForDeploymentPostprocessing = 0;
		};
		6F42F74F1FBDBF1900C68551 /* Resources */ = {
			isa = PBXResourcesBuildPhase;
			buildActionMask = 2147483647;
			files = (
			);
			runOnlyForDeploymentPostprocessing = 0;
		};
/* End PBXResourcesBuildPhase section */

/* Begin PBXSourcesBuildPhase section */
		6F42F7351FBDBF1900C68551 /* Sources */ = {
			isa = PBXSourcesBuildPhase;
			buildActionMask = 2147483647;
			files = (
				6F42F73D1FBDBF1900C68551 /* AppDelegate.swift in Sources */,
			);
			runOnlyForDeploymentPostprocessing = 0;
		};
		6F42F7421FBDBF1900C68551 /* Sources */ = {
			isa = PBXSourcesBuildPhase;
			buildActionMask = 2147483647;
			files = (
				6F42F74B1FBDBF1900C68551 /* ScreenSaversTests.swift in Sources */,
			);
			runOnlyForDeploymentPostprocessing = 0;
		};
		6F42F74D1FBDBF1900C68551 /* Sources */ = {
			isa = PBXSourcesBuildPhase;
			buildActionMask = 2147483647;
			files = (
				6F42F7561FBDBF1900C68551 /* ScreenSaversUITests.swift in Sources */,
			);
			runOnlyForDeploymentPostprocessing = 0;
		};
/* End PBXSourcesBuildPhase section */

/* Begin PBXTargetDependency section */
		6F42F7481FBDBF1900C68551 /* PBXTargetDependency */ = {
			isa = PBXTargetDependency;
			target = 6F42F7381FBDBF1900C68551 /* ScreenSavers */;
			targetProxy = 6F42F7471FBDBF1900C68551 /* PBXContainerItemProxy */;
		};
		6F42F7531FBDBF1900C68551 /* PBXTargetDependency */ = {
			isa = PBXTargetDependency;
			target = 6F42F7381FBDBF1900C68551 /* ScreenSavers */;
			targetProxy = 6F42F7521FBDBF1900C68551 /* PBXContainerItemProxy */;
		};
/* End PBXTargetDependency section */

/* Begin XCBuildConfiguration section */
		6F42F7581FBDBF1900C68551 /* Debug */ = {
			isa = XCBuildConfiguration;
			buildSettings = {
				ALWAYS_SEARCH_USER_PATHS = NO;
				CLANG_ANALYZER_NONNULL = YES;
				CLANG_ANALYZER_NUMBER_OBJECT_CONVERSION = YES_AGGRESSIVE;
				CLANG_CXX_LANGUAGE_STANDARD = "gnu++14";
				CLANG_CXX_LIBRARY = "libc++";
				CLANG_ENABLE_MODULES = YES;
				CLANG_ENABLE_OBJC_ARC = YES;
				CLANG_WARN_BLOCK_CAPTURE_AUTORELEASING = YES;
				CLANG_WARN_BOOL_CONVERSION = YES;
				CLANG_WARN_COMMA = YES;
				CLANG_WARN_CONSTANT_CONVERSION = YES;
				CLANG_WARN_DIRECT_OBJC_ISA_USAGE = YES_ERROR;
				CLANG_WARN_DOCUMENTATION_COMMENTS = YES;
				CLANG_WARN_EMPTY_BODY = YES;
				CLANG_WARN_ENUM_CONVERSION = YES;
				CLANG_WARN_INFINITE_RECURSION = YES;
				CLANG_WARN_INT_CONVERSION = YES;
				CLANG_WARN_NON_LITERAL_NULL_CONVERSION = YES;
				CLANG_WARN_OBJC_LITERAL_CONVERSION = YES;
				CLANG_WARN_OBJC_ROOT_CLASS = YES_ERROR;
				CLANG_WARN_RANGE_LOOP_ANALYSIS = YES;
				CLANG_WARN_STRICT_PROTOTYPES = YES;
				CLANG_WARN_SUSPICIOUS_MOVE = YES;
				CLANG_WARN_UNGUARDED_AVAILABILITY = YES_AGGRESSIVE;
				CLANG_WARN_UNREACHABLE_CODE = YES;
				CLANG_WARN__DUPLICATE_METHOD_MATCH = YES;
				COPY_PHASE_STRIP = NO;
				DEBUG_INFORMATION_FORMAT = dwarf;
				ENABLE_STRICT_OBJC_MSGSEND = YES;
				ENABLE_TESTABILITY = YES;
				GCC_C_LANGUAGE_STANDARD = gnu11;
				GCC_DYNAMIC_NO_PIC = NO;
				GCC_NO_COMMON_BLOCKS = YES;
				GCC_OPTIMIZATION_LEVEL = 0;
				GCC_PREPROCESSOR_DEFINITIONS = (
					"DEBUG=1",
					"$(inherited)",
				);
				GCC_WARN_64_TO_32_BIT_CONVERSION = YES;
				GCC_WARN_ABOUT_RETURN_TYPE = YES_ERROR;
				GCC_WARN_UNDECLARED_SELECTOR = YES;
				GCC_WARN_UNINITIALIZED_AUTOS = YES_AGGRESSIVE;
				GCC_WARN_UNUSED_FUNCTION = YES;
				GCC_WARN_UNUSED_VARIABLE = YES;
				MTL_ENABLE_DEBUG_INFO = YES;
				ONLY_ACTIVE_ARCH = YES;
				SDKROOT = appletvos;
				SWIFT_ACTIVE_COMPILATION_CONDITIONS = DEBUG;
				SWIFT_OPTIMIZATION_LEVEL = "-Onone";
				TVOS_DEPLOYMENT_TARGET = 11.1;
			};
			name = Debug;
		};
		6F42F7591FBDBF1900C68551 /* Release */ = {
			isa = XCBuildConfiguration;
			buildSettings = {
				ALWAYS_SEARCH_USER_PATHS = NO;
				CLANG_ANALYZER_NONNULL = YES;
				CLANG_ANALYZER_NUMBER_OBJECT_CONVERSION = YES_AGGRESSIVE;
				CLANG_CXX_LANGUAGE_STANDARD = "gnu++14";
				CLANG_CXX_LIBRARY = "libc++";
				CLANG_ENABLE_MODULES = YES;
				CLANG_ENABLE_OBJC_ARC = YES;
				CLANG_WARN_BLOCK_CAPTURE_AUTORELEASING = YES;
				CLANG_WARN_BOOL_CONVERSION = YES;
				CLANG_WARN_COMMA = YES;
				CLANG_WARN_CONSTANT_CONVERSION = YES;
				CLANG_WARN_DIRECT_OBJC_ISA_USAGE = YES_ERROR;
				CLANG_WARN_DOCUMENTATION_COMMENTS = YES;
				CLANG_WARN_EMPTY_BODY = YES;
				CLANG_WARN_ENUM_CONVERSION = YES;
				CLANG_WARN_INFINITE_RECURSION = YES;
				CLANG_WARN_INT_CONVERSION = YES;
				CLANG_WARN_NON_LITERAL_NULL_CONVERSION = YES;
				CLANG_WARN_OBJC_LITERAL_CONVERSION = YES;
				CLANG_WARN_OBJC_ROOT_CLASS = YES_ERROR;
				CLANG_WARN_RANGE_LOOP_ANALYSIS = YES;
				CLANG_WARN_STRICT_PROTOTYPES = YES;
				CLANG_WARN_SUSPICIOUS_MOVE = YES;
				CLANG_WARN_UNGUARDED_AVAILABILITY = YES_AGGRESSIVE;
				CLANG_WARN_UNREACHABLE_CODE = YES;
				CLANG_WARN__DUPLICATE_METHOD_MATCH = YES;
				COPY_PHASE_STRIP = NO;
				DEBUG_INFORMATION_FORMAT = "dwarf-with-dsym";
				ENABLE_NS_ASSERTIONS = NO;
				ENABLE_STRICT_OBJC_MSGSEND = YES;
				GCC_C_LANGUAGE_STANDARD = gnu11;
				GCC_NO_COMMON_BLOCKS = YES;
				GCC_WARN_64_TO_32_BIT_CONVERSION = YES;
				GCC_WARN_ABOUT_RETURN_TYPE = YES_ERROR;
				GCC_WARN_UNDECLARED_SELECTOR = YES;
				GCC_WARN_UNINITIALIZED_AUTOS = YES_AGGRESSIVE;
				GCC_WARN_UNUSED_FUNCTION = YES;
				GCC_WARN_UNUSED_VARIABLE = YES;
				MTL_ENABLE_DEBUG_INFO = NO;
				SDKROOT = appletvos;
				SWIFT_OPTIMIZATION_LEVEL = "-Owholemodule";
				TVOS_DEPLOYMENT_TARGET = 11.1;
				VALIDATE_PRODUCT = YES;
			};
			name = Release;
		};
		6F42F75B1FBDBF1900C68551 /* Debug */ = {
			isa = XCBuildConfiguration;
			buildSettings = {
				ASSETCATALOG_COMPILER_APPICON_NAME = "App Icon & Top Shelf Image";
				ASSETCATALOG_COMPILER_LAUNCHIMAGE_NAME = LaunchImage;
				CODE_SIGN_STYLE = Automatic;
				DEVELOPMENT_TEAM = T328QU32DX;
				INFOPLIST_FILE = ScreenSavers/Info.plist;
				LD_RUNPATH_SEARCH_PATHS = "$(inherited) @executable_path/Frameworks";
				PRODUCT_BUNDLE_IDENTIFIER = ch.harris.ScreenSavers;
				PRODUCT_NAME = "$(TARGET_NAME)";
				STRIP_INSTALLED_PRODUCT = NO;
				SWIFT_VERSION = 4.0;
				TARGETED_DEVICE_FAMILY = 3;
			};
			name = Debug;
		};
		6F42F75C1FBDBF1900C68551 /* Release */ = {
			isa = XCBuildConfiguration;
			buildSettings = {
				ASSETCATALOG_COMPILER_APPICON_NAME = "App Icon & Top Shelf Image";
				ASSETCATALOG_COMPILER_LAUNCHIMAGE_NAME = LaunchImage;
				CODE_SIGN_STYLE = Automatic;
				DEVELOPMENT_TEAM = T328QU32DX;
				INFOPLIST_FILE = ScreenSavers/Info.plist;
				LD_RUNPATH_SEARCH_PATHS = "$(inherited) @executable_path/Frameworks";
				PRODUCT_BUNDLE_IDENTIFIER = ch.harris.ScreenSavers;
				PRODUCT_NAME = "$(TARGET_NAME)";
				STRIP_INSTALLED_PRODUCT = NO;
				SWIFT_VERSION = 4.0;
				TARGETED_DEVICE_FAMILY = 3;
			};
			name = Release;
		};
		6F42F75E1FBDBF1900C68551 /* Debug */ = {
			isa = XCBuildConfiguration;
			buildSettings = {
				ALWAYS_EMBED_SWIFT_STANDARD_LIBRARIES = YES;
				BUNDLE_LOADER = "$(TEST_HOST)";
				CODE_SIGN_STYLE = Automatic;
				DEVELOPMENT_TEAM = T328QU32DX;
				INFOPLIST_FILE = ScreenSaversTests/Info.plist;
				LD_RUNPATH_SEARCH_PATHS = "$(inherited) @executable_path/Frameworks @loader_path/Frameworks";
				PRODUCT_BUNDLE_IDENTIFIER = ch.harris.ScreenSaversTests;
				PRODUCT_NAME = "$(TARGET_NAME)";
				SWIFT_VERSION = 4.0;
				TARGETED_DEVICE_FAMILY = 3;
				TEST_HOST = "$(BUILT_PRODUCTS_DIR)/ScreenSavers.app/ScreenSavers";
			};
			name = Debug;
		};
		6F42F75F1FBDBF1900C68551 /* Release */ = {
			isa = XCBuildConfiguration;
			buildSettings = {
				ALWAYS_EMBED_SWIFT_STANDARD_LIBRARIES = YES;
				BUNDLE_LOADER = "$(TEST_HOST)";
				CODE_SIGN_STYLE = Automatic;
				DEVELOPMENT_TEAM = T328QU32DX;
				INFOPLIST_FILE = ScreenSaversTests/Info.plist;
				LD_RUNPATH_SEARCH_PATHS = "$(inherited) @executable_path/Frameworks @loader_path/Frameworks";
				PRODUCT_BUNDLE_IDENTIFIER = ch.harris.ScreenSaversTests;
				PRODUCT_NAME = "$(TARGET_NAME)";
				SWIFT_VERSION = 4.0;
				TARGETED_DEVICE_FAMILY = 3;
				TEST_HOST = "$(BUILT_PRODUCTS_DIR)/ScreenSavers.app/ScreenSavers";
			};
			name = Release;
		};
		6F42F7611FBDBF1900C68551 /* Debug */ = {
			isa = XCBuildConfiguration;
			buildSettings = {
				ALWAYS_EMBED_SWIFT_STANDARD_LIBRARIES = YES;
				CODE_SIGN_STYLE = Automatic;
				DEVELOPMENT_TEAM = T328QU32DX;
				INFOPLIST_FILE = ScreenSaversUITests/Info.plist;
				LD_RUNPATH_SEARCH_PATHS = "$(inherited) @executable_path/Frameworks @loader_path/Frameworks";
				PRODUCT_BUNDLE_IDENTIFIER = ch.harris.ScreenSaversUITests;
				PRODUCT_NAME = "$(TARGET_NAME)";
				SWIFT_VERSION = 4.0;
				TARGETED_DEVICE_FAMILY = 3;
				TEST_TARGET_NAME = ScreenSavers;
			};
			name = Debug;
		};
		6F42F7621FBDBF1900C68551 /* Release */ = {
			isa = XCBuildConfiguration;
			buildSettings = {
				ALWAYS_EMBED_SWIFT_STANDARD_LIBRARIES = YES;
				CODE_SIGN_STYLE = Automatic;
				DEVELOPMENT_TEAM = T328QU32DX;
				INFOPLIST_FILE = ScreenSaversUITests/Info.plist;
				LD_RUNPATH_SEARCH_PATHS = "$(inherited) @executable_path/Frameworks @loader_path/Frameworks";
				PRODUCT_BUNDLE_IDENTIFIER = ch.harris.ScreenSaversUITests;
				PRODUCT_NAME = "$(TARGET_NAME)";
				SWIFT_VERSION = 4.0;
				TARGETED_DEVICE_FAMILY = 3;
				TEST_TARGET_NAME = ScreenSavers;
			};
			name = Release;
		};
/* End XCBuildConfiguration section */

/* Begin XCConfigurationList section */
		6F42F7341FBDBF1900C68551 /* Build configuration list for PBXProject "ScreenSavers" */ = {
			isa = XCConfigurationList;
			buildConfigurations = (
				6F42F7581FBDBF1900C68551 /* Debug */,
				6F42F7591FBDBF1900C68551 /* Release */,
			);
			defaultConfigurationIsVisible = 0;
			defaultConfigurationName = Release;
		};
		6F42F75A1FBDBF1900C68551 /* Build configuration list for PBXNativeTarget "ScreenSavers" */ = {
			isa = XCConfigurationList;
			buildConfigurations = (
				6F42F75B1FBDBF1900C68551 /* Debug */,
				6F42F75C1FBDBF1900C68551 /* Release */,
			);
			defaultConfigurationIsVisible = 0;
			defaultConfigurationName = Release;
		};
		6F42F75D1FBDBF1900C68551 /* Build configuration list for PBXNativeTarget "ScreenSaversTests" */ = {
			isa = XCConfigurationList;
			buildConfigurations = (
				6F42F75E1FBDBF1900C68551 /* Debug */,
				6F42F75F1FBDBF1900C68551 /* Release */,
			);
			defaultConfigurationIsVisible = 0;
			defaultConfigurationName = Release;
		};
		6F42F7601FBDBF1900C68551 /* Build configuration list for PBXNativeTarget "ScreenSaversUITests" */ = {
			isa = XCConfigurationList;
			buildConfigurations = (
				6F42F7611FBDBF1900C68551 /* Debug */,
				6F42F7621FBDBF1900C68551 /* Release */,
			);
			defaultConfigurationIsVisible = 0;
			defaultConfigurationName = Release;
		};
/* End XCConfigurationList section */
	};
	rootObject = 6F42F7311FBDBF1900C68551 /* Project object */;
}
